// !$*UTF8*$!
{
	archiveVersion = 1;
	classes = {
	};
	objectVersion = 56;
	objects = {

/* Begin PBXBuildFile section */
		5CCD1AA12A24A99D00E8FC68 /* AppDelegate.swift in Sources */ = {isa = PBXBuildFile; fileRef = 5CCD1AA02A24A99D00E8FC68 /* AppDelegate.swift */; };
		5CCD1AA32A24A99D00E8FC68 /* SceneDelegate.swift in Sources */ = {isa = PBXBuildFile; fileRef = 5CCD1AA22A24A99D00E8FC68 /* SceneDelegate.swift */; };
		5CCD1AA52A24A99D00E8FC68 /* ViewController.swift in Sources */ = {isa = PBXBuildFile; fileRef = 5CCD1AA42A24A99D00E8FC68 /* ViewController.swift */; };
		5CCD1AA82A24A99D00E8FC68 /* Main.storyboard in Resources */ = {isa = PBXBuildFile; fileRef = 5CCD1AA62A24A99D00E8FC68 /* Main.storyboard */; };
		5CCD1AAA2A24A99F00E8FC68 /* Assets.xcassets in Resources */ = {isa = PBXBuildFile; fileRef = 5CCD1AA92A24A99F00E8FC68 /* Assets.xcassets */; };
		5CCD1AAD2A24A99F00E8FC68 /* LaunchScreen.storyboard in Resources */ = {isa = PBXBuildFile; fileRef = 5CCD1AAB2A24A99F00E8FC68 /* LaunchScreen.storyboard */; };
		5CCD1AB62A24B23500E8FC68 /* Alamofire in Frameworks */ = {isa = PBXBuildFile; productRef = 5CCD1AB52A24B23500E8FC68 /* Alamofire */; };
		5CCD1AB92A24B25200E8FC68 /* SDWebImage in Frameworks */ = {isa = PBXBuildFile; productRef = 5CCD1AB82A24B25200E8FC68 /* SDWebImage */; };
		5CCD1ABB2A24C0B900E8FC68 /* PictureCollectionViewCell.swift in Sources */ = {isa = PBXBuildFile; fileRef = 5CCD1ABA2A24C0B900E8FC68 /* PictureCollectionViewCell.swift */; };
		5CCD1ABD2A24CDA700E8FC68 /* DisplayPictureViewController.swift in Sources */ = {isa = PBXBuildFile; fileRef = 5CCD1ABC2A24CDA700E8FC68 /* DisplayPictureViewController.swift */; };
		5CCD1AC42A24E92700E8FC68 /* APICaller.swift in Sources */ = {isa = PBXBuildFile; fileRef = 5CCD1AC32A24E92700E8FC68 /* APICaller.swift */; };
		5CCD1AC62A24E95500E8FC68 /* APIResponseModel.swift in Sources */ = {isa = PBXBuildFile; fileRef = 5CCD1AC52A24E95500E8FC68 /* APIResponseModel.swift */; };
/* End PBXBuildFile section */

/* Begin PBXFileReference section */
		5CCD1A9D2A24A99D00E8FC68 /* NetworkSearch.app */ = {isa = PBXFileReference; explicitFileType = wrapper.application; includeInIndex = 0; path = NetworkSearch.app; sourceTree = BUILT_PRODUCTS_DIR; };
		5CCD1AA02A24A99D00E8FC68 /* AppDelegate.swift */ = {isa = PBXFileReference; lastKnownFileType = sourcecode.swift; path = AppDelegate.swift; sourceTree = "<group>"; };
		5CCD1AA22A24A99D00E8FC68 /* SceneDelegate.swift */ = {isa = PBXFileReference; lastKnownFileType = sourcecode.swift; path = SceneDelegate.swift; sourceTree = "<group>"; };
		5CCD1AA42A24A99D00E8FC68 /* ViewController.swift */ = {isa = PBXFileReference; lastKnownFileType = sourcecode.swift; path = ViewController.swift; sourceTree = "<group>"; };
		5CCD1AA72A24A99D00E8FC68 /* Base */ = {isa = PBXFileReference; lastKnownFileType = file.storyboard; name = Base; path = Base.lproj/Main.storyboard; sourceTree = "<group>"; };
		5CCD1AA92A24A99F00E8FC68 /* Assets.xcassets */ = {isa = PBXFileReference; lastKnownFileType = folder.assetcatalog; path = Assets.xcassets; sourceTree = "<group>"; };
		5CCD1AAC2A24A99F00E8FC68 /* Base */ = {isa = PBXFileReference; lastKnownFileType = file.storyboard; name = Base; path = Base.lproj/LaunchScreen.storyboard; sourceTree = "<group>"; };
		5CCD1AAE2A24A99F00E8FC68 /* Info.plist */ = {isa = PBXFileReference; lastKnownFileType = text.plist.xml; path = Info.plist; sourceTree = "<group>"; };
		5CCD1ABA2A24C0B900E8FC68 /* PictureCollectionViewCell.swift */ = {isa = PBXFileReference; lastKnownFileType = sourcecode.swift; path = PictureCollectionViewCell.swift; sourceTree = "<group>"; };
		5CCD1ABC2A24CDA700E8FC68 /* DisplayPictureViewController.swift */ = {isa = PBXFileReference; lastKnownFileType = sourcecode.swift; path = DisplayPictureViewController.swift; sourceTree = "<group>"; };
		5CCD1AC32A24E92700E8FC68 /* APICaller.swift */ = {isa = PBXFileReference; lastKnownFileType = sourcecode.swift; path = APICaller.swift; sourceTree = "<group>"; };
		5CCD1AC52A24E95500E8FC68 /* APIResponseModel.swift */ = {isa = PBXFileReference; lastKnownFileType = sourcecode.swift; path = APIResponseModel.swift; sourceTree = "<group>"; };
/* End PBXFileReference section */

/* Begin PBXFrameworksBuildPhase section */
		5CCD1A9A2A24A99D00E8FC68 /* Frameworks */ = {
			isa = PBXFrameworksBuildPhase;
			buildActionMask = 2147483647;
			files = (
				5CCD1AB92A24B25200E8FC68 /* SDWebImage in Frameworks */,
				5CCD1AB62A24B23500E8FC68 /* Alamofire in Frameworks */,
			);
			runOnlyForDeploymentPostprocessing = 0;
		};
/* End PBXFrameworksBuildPhase section */

/* Begin PBXGroup section */
		5CCD1A942A24A99D00E8FC68 = {
			isa = PBXGroup;
			children = (
				5CCD1A9F2A24A99D00E8FC68 /* NetworkSearch */,
				5CCD1A9E2A24A99D00E8FC68 /* Products */,
			);
			sourceTree = "<group>";
		};
		5CCD1A9E2A24A99D00E8FC68 /* Products */ = {
			isa = PBXGroup;
			children = (
				5CCD1A9D2A24A99D00E8FC68 /* NetworkSearch.app */,
			);
			name = Products;
			sourceTree = "<group>";
		};
		5CCD1A9F2A24A99D00E8FC68 /* NetworkSearch */ = {
			isa = PBXGroup;
			children = (
				5CCD1ABE2A24E87400E8FC68 /* Application */,
				5CCD1ABF2A24E88200E8FC68 /* ViewControllers */,
				5CCD1AC22A24E8FE00E8FC68 /* Models */,
				5CCD1AC12A24E8F300E8FC68 /* APICaller */,
				5CCD1AA62A24A99D00E8FC68 /* Main.storyboard */,
				5CCD1AA92A24A99F00E8FC68 /* Assets.xcassets */,
				5CCD1AAB2A24A99F00E8FC68 /* LaunchScreen.storyboard */,
				5CCD1AAE2A24A99F00E8FC68 /* Info.plist */,
			);
			path = NetworkSearch;
			sourceTree = "<group>";
		};
		5CCD1ABE2A24E87400E8FC68 /* Application */ = {
			isa = PBXGroup;
			children = (
				5CCD1AA02A24A99D00E8FC68 /* AppDelegate.swift */,
				5CCD1AA22A24A99D00E8FC68 /* SceneDelegate.swift */,
			);
			path = Application;
			sourceTree = "<group>";
		};
		5CCD1ABF2A24E88200E8FC68 /* ViewControllers */ = {
			isa = PBXGroup;
			children = (
				5CCD1AA42A24A99D00E8FC68 /* ViewController.swift */,
				5CCD1ABC2A24CDA700E8FC68 /* DisplayPictureViewController.swift */,
				5CCD1AC02A24E89D00E8FC68 /* CollectionViewCells */,
			);
			path = ViewControllers;
			sourceTree = "<group>";
		};
		5CCD1AC02A24E89D00E8FC68 /* CollectionViewCells */ = {
			isa = PBXGroup;
			children = (
				5CCD1ABA2A24C0B900E8FC68 /* PictureCollectionViewCell.swift */,
			);
			path = CollectionViewCells;
			sourceTree = "<group>";
		};
		5CCD1AC12A24E8F300E8FC68 /* APICaller */ = {
			isa = PBXGroup;
			children = (
				5CCD1AC32A24E92700E8FC68 /* APICaller.swift */,
			);
			path = APICaller;
			sourceTree = "<group>";
		};
		5CCD1AC22A24E8FE00E8FC68 /* Models */ = {
			isa = PBXGroup;
			children = (
				5CCD1AC52A24E95500E8FC68 /* APIResponseModel.swift */,
			);
			path = Models;
			sourceTree = "<group>";
		};
/* End PBXGroup section */

/* Begin PBXNativeTarget section */
		5CCD1A9C2A24A99D00E8FC68 /* NetworkSearch */ = {
			isa = PBXNativeTarget;
			buildConfigurationList = 5CCD1AB12A24A99F00E8FC68 /* Build configuration list for PBXNativeTarget "NetworkSearch" */;
			buildPhases = (
				5CCD1A992A24A99D00E8FC68 /* Sources */,
				5CCD1A9A2A24A99D00E8FC68 /* Frameworks */,
				5CCD1A9B2A24A99D00E8FC68 /* Resources */,
			);
			buildRules = (
			);
			dependencies = (
			);
			name = NetworkSearch;
			packageProductDependencies = (
				5CCD1AB52A24B23500E8FC68 /* Alamofire */,
				5CCD1AB82A24B25200E8FC68 /* SDWebImage */,
			);
			productName = TestStoryboard;
			productReference = 5CCD1A9D2A24A99D00E8FC68 /* NetworkSearch.app */;
			productType = "com.apple.product-type.application";
		};
/* End PBXNativeTarget section */

/* Begin PBXProject section */
		5CCD1A952A24A99D00E8FC68 /* Project object */ = {
			isa = PBXProject;
			attributes = {
				BuildIndependentTargetsInParallel = 1;
				LastSwiftUpdateCheck = 1420;
				LastUpgradeCheck = 1420;
				TargetAttributes = {
					5CCD1A9C2A24A99D00E8FC68 = {
						CreatedOnToolsVersion = 14.2;
					};
				};
			};
			buildConfigurationList = 5CCD1A982A24A99D00E8FC68 /* Build configuration list for PBXProject "NetworkSearch" */;
			compatibilityVersion = "Xcode 14.0";
			developmentRegion = en;
			hasScannedForEncodings = 0;
			knownRegions = (
				en,
				Base,
			);
			mainGroup = 5CCD1A942A24A99D00E8FC68;
			packageReferences = (
				5CCD1AB42A24B23500E8FC68 /* XCRemoteSwiftPackageReference "Alamofire" */,
				5CCD1AB72A24B25200E8FC68 /* XCRemoteSwiftPackageReference "SDWebImage" */,
			);
			productRefGroup = 5CCD1A9E2A24A99D00E8FC68 /* Products */;
			projectDirPath = "";
			projectRoot = "";
			targets = (
				5CCD1A9C2A24A99D00E8FC68 /* NetworkSearch */,
			);
		};
/* End PBXProject section */

/* Begin PBXResourcesBuildPhase section */
		5CCD1A9B2A24A99D00E8FC68 /* Resources */ = {
			isa = PBXResourcesBuildPhase;
			buildActionMask = 2147483647;
			files = (
				5CCD1AAD2A24A99F00E8FC68 /* LaunchScreen.storyboard in Resources */,
				5CCD1AAA2A24A99F00E8FC68 /* Assets.xcassets in Resources */,
				5CCD1AA82A24A99D00E8FC68 /* Main.storyboard in Resources */,
			);
			runOnlyForDeploymentPostprocessing = 0;
		};
/* End PBXResourcesBuildPhase section */

/* Begin PBXSourcesBuildPhase section */
		5CCD1A992A24A99D00E8FC68 /* Sources */ = {
			isa = PBXSourcesBuildPhase;
			buildActionMask = 2147483647;
			files = (
				5CCD1AA52A24A99D00E8FC68 /* ViewController.swift in Sources */,
				5CCD1AC42A24E92700E8FC68 /* APICaller.swift in Sources */,
				5CCD1AC62A24E95500E8FC68 /* APIResponseModel.swift in Sources */,
				5CCD1ABB2A24C0B900E8FC68 /* PictureCollectionViewCell.swift in Sources */,
				5CCD1ABD2A24CDA700E8FC68 /* DisplayPictureViewController.swift in Sources */,
				5CCD1AA12A24A99D00E8FC68 /* AppDelegate.swift in Sources */,
				5CCD1AA32A24A99D00E8FC68 /* SceneDelegate.swift in Sources */,
			);
			runOnlyForDeploymentPostprocessing = 0;
		};
/* End PBXSourcesBuildPhase section */

/* Begin PBXVariantGroup section */
		5CCD1AA62A24A99D00E8FC68 /* Main.storyboard */ = {
			isa = PBXVariantGroup;
			children = (
				5CCD1AA72A24A99D00E8FC68 /* Base */,
			);
			name = Main.storyboard;
			sourceTree = "<group>";
		};
		5CCD1AAB2A24A99F00E8FC68 /* LaunchScreen.storyboard */ = {
			isa = PBXVariantGroup;
			children = (
				5CCD1AAC2A24A99F00E8FC68 /* Base */,
			);
			name = LaunchScreen.storyboard;
			sourceTree = "<group>";
		};
/* End PBXVariantGroup section */

/* Begin XCBuildConfiguration section */
		5CCD1AAF2A24A99F00E8FC68 /* Debug */ = {
			isa = XCBuildConfiguration;
			buildSettings = {
				ALWAYS_SEARCH_USER_PATHS = NO;
				CLANG_ANALYZER_NONNULL = YES;
				CLANG_ANALYZER_NUMBER_OBJECT_CONVERSION = YES_AGGRESSIVE;
				CLANG_CXX_LANGUAGE_STANDARD = "gnu++20";
				CLANG_ENABLE_MODULES = YES;
				CLANG_ENABLE_OBJC_ARC = YES;
				CLANG_ENABLE_OBJC_WEAK = YES;
				CLANG_WARN_BLOCK_CAPTURE_AUTORELEASING = YES;
				CLANG_WARN_BOOL_CONVERSION = YES;
				CLANG_WARN_COMMA = YES;
				CLANG_WARN_CONSTANT_CONVERSION = YES;
				CLANG_WARN_DEPRECATED_OBJC_IMPLEMENTATIONS = YES;
				CLANG_WARN_DIRECT_OBJC_ISA_USAGE = YES_ERROR;
				CLANG_WARN_DOCUMENTATION_COMMENTS = YES;
				CLANG_WARN_EMPTY_BODY = YES;
				CLANG_WARN_ENUM_CONVERSION = YES;
				CLANG_WARN_INFINITE_RECURSION = YES;
				CLANG_WARN_INT_CONVERSION = YES;
				CLANG_WARN_NON_LITERAL_NULL_CONVERSION = YES;
				CLANG_WARN_OBJC_IMPLICIT_RETAIN_SELF = YES;
				CLANG_WARN_OBJC_LITERAL_CONVERSION = YES;
				CLANG_WARN_OBJC_ROOT_CLASS = YES_ERROR;
				CLANG_WARN_QUOTED_INCLUDE_IN_FRAMEWORK_HEADER = YES;
				CLANG_WARN_RANGE_LOOP_ANALYSIS = YES;
				CLANG_WARN_STRICT_PROTOTYPES = YES;
				CLANG_WARN_SUSPICIOUS_MOVE = YES;
				CLANG_WARN_UNGUARDED_AVAILABILITY = YES_AGGRESSIVE;
				CLANG_WARN_UNREACHABLE_CODE = YES;
				CLANG_WARN__DUPLICATE_METHOD_MATCH = YES;
				COPY_PHASE_STRIP = NO;
				DEBUG_INFORMATION_FORMAT = dwarf;
				ENABLE_STRICT_OBJC_MSGSEND = YES;
				ENABLE_TESTABILITY = YES;
				GCC_C_LANGUAGE_STANDARD = gnu11;
				GCC_DYNAMIC_NO_PIC = NO;
				GCC_NO_COMMON_BLOCKS = YES;
				GCC_OPTIMIZATION_LEVEL = 0;
				GCC_PREPROCESSOR_DEFINITIONS = (
					"DEBUG=1",
					"$(inherited)",
				);
				GCC_WARN_64_TO_32_BIT_CONVERSION = YES;
				GCC_WARN_ABOUT_RETURN_TYPE = YES_ERROR;
				GCC_WARN_UNDECLARED_SELECTOR = YES;
				GCC_WARN_UNINITIALIZED_AUTOS = YES_AGGRESSIVE;
				GCC_WARN_UNUSED_FUNCTION = YES;
				GCC_WARN_UNUSED_VARIABLE = YES;
				IPHONEOS_DEPLOYMENT_TARGET = 16.2;
				MTL_ENABLE_DEBUG_INFO = INCLUDE_SOURCE;
				MTL_FAST_MATH = YES;
				ONLY_ACTIVE_ARCH = YES;
				SDKROOT = iphoneos;
				SWIFT_ACTIVE_COMPILATION_CONDITIONS = DEBUG;
				SWIFT_OPTIMIZATION_LEVEL = "-Onone";
			};
			name = Debug;
		};
		5CCD1AB02A24A99F00E8FC68 /* Release */ = {
			isa = XCBuildConfiguration;
			buildSettings = {
				ALWAYS_SEARCH_USER_PATHS = NO;
				CLANG_ANALYZER_NONNULL = YES;
				CLANG_ANALYZER_NUMBER_OBJECT_CONVERSION = YES_AGGRESSIVE;
				CLANG_CXX_LANGUAGE_STANDARD = "gnu++20";
				CLANG_ENABLE_MODULES = YES;
				CLANG_ENABLE_OBJC_ARC = YES;
				CLANG_ENABLE_OBJC_WEAK = YES;
				CLANG_WARN_BLOCK_CAPTURE_AUTORELEASING = YES;
				CLANG_WARN_BOOL_CONVERSION = YES;
				CLANG_WARN_COMMA = YES;
				CLANG_WARN_CONSTANT_CONVERSION = YES;
				CLANG_WARN_DEPRECATED_OBJC_IMPLEMENTATIONS = YES;
				CLANG_WARN_DIRECT_OBJC_ISA_USAGE = YES_ERROR;
				CLANG_WARN_DOCUMENTATION_COMMENTS = YES;
				CLANG_WARN_EMPTY_BODY = YES;
				CLANG_WARN_ENUM_CONVERSION = YES;
				CLANG_WARN_INFINITE_RECURSION = YES;
				CLANG_WARN_INT_CONVERSION = YES;
				CLANG_WARN_NON_LITERAL_NULL_CONVERSION = YES;
				CLANG_WARN_OBJC_IMPLICIT_RETAIN_SELF = YES;
				CLANG_WARN_OBJC_LITERAL_CONVERSION = YES;
				CLANG_WARN_OBJC_ROOT_CLASS = YES_ERROR;
				CLANG_WARN_QUOTED_INCLUDE_IN_FRAMEWORK_HEADER = YES;
				CLANG_WARN_RANGE_LOOP_ANALYSIS = YES;
				CLANG_WARN_STRICT_PROTOTYPES = YES;
				CLANG_WARN_SUSPICIOUS_MOVE = YES;
				CLANG_WARN_UNGUARDED_AVAILABILITY = YES_AGGRESSIVE;
				CLANG_WARN_UNREACHABLE_CODE = YES;
				CLANG_WARN__DUPLICATE_METHOD_MATCH = YES;
				COPY_PHASE_STRIP = NO;
				DEBUG_INFORMATION_FORMAT = "dwarf-with-dsym";
				ENABLE_NS_ASSERTIONS = NO;
				ENABLE_STRICT_OBJC_MSGSEND = YES;
				GCC_C_LANGUAGE_STANDARD = gnu11;
				GCC_NO_COMMON_BLOCKS = YES;
				GCC_WARN_64_TO_32_BIT_CONVERSION = YES;
				GCC_WARN_ABOUT_RETURN_TYPE = YES_ERROR;
				GCC_WARN_UNDECLARED_SELECTOR = YES;
				GCC_WARN_UNINITIALIZED_AUTOS = YES_AGGRESSIVE;
				GCC_WARN_UNUSED_FUNCTION = YES;
				GCC_WARN_UNUSED_VARIABLE = YES;
				IPHONEOS_DEPLOYMENT_TARGET = 16.2;
				MTL_ENABLE_DEBUG_INFO = NO;
				MTL_FAST_MATH = YES;
				SDKROOT = iphoneos;
				SWIFT_COMPILATION_MODE = wholemodule;
				SWIFT_OPTIMIZATION_LEVEL = "-O";
				VALIDATE_PRODUCT = YES;
			};
			name = Release;
		};
		5CCD1AB22A24A99F00E8FC68 /* Debug */ = {
			isa = XCBuildConfiguration;
			buildSettings = {
				ASSETCATALOG_COMPILER_APPICON_NAME = AppIcon;
				ASSETCATALOG_COMPILER_GLOBAL_ACCENT_COLOR_NAME = AccentColor;
				CODE_SIGN_STYLE = Automatic;
				CURRENT_PROJECT_VERSION = 1;
				GENERATE_INFOPLIST_FILE = YES;
				INFOPLIST_FILE = NetworkSearch/Info.plist;
				INFOPLIST_KEY_UIApplicationSupportsIndirectInputEvents = YES;
				INFOPLIST_KEY_UILaunchStoryboardName = LaunchScreen;
				INFOPLIST_KEY_UIMainStoryboardFile = Main;
				INFOPLIST_KEY_UISupportedInterfaceOrientations_iPad = "UIInterfaceOrientationPortrait UIInterfaceOrientationPortraitUpsideDown UIInterfaceOrientationLandscapeLeft UIInterfaceOrientationLandscapeRight";
				INFOPLIST_KEY_UISupportedInterfaceOrientations_iPhone = "UIInterfaceOrientationPortrait UIInterfaceOrientationLandscapeLeft UIInterfaceOrientationLandscapeRight";
				LD_RUNPATH_SEARCH_PATHS = (
					"$(inherited)",
					"@executable_path/Frameworks",
				);
				MARKETING_VERSION = 1.0;
				PRODUCT_BUNDLE_IDENTIFIER = com.ilyaMishin.NetworkSearch;
				PRODUCT_NAME = "$(TARGET_NAME)";
				SUPPORTED_PLATFORMS = "iphoneos iphonesimulator";
				SUPPORTS_MACCATALYST = NO;
				SUPPORTS_MAC_DESIGNED_FOR_IPHONE_IPAD = NO;
				SWIFT_EMIT_LOC_STRINGS = YES;
				SWIFT_VERSION = 5.0;
				TARGETED_DEVICE_FAMILY = 1;
			};
			name = Debug;
		};
		5CCD1AB32A24A99F00E8FC68 /* Release */ = {
			isa = XCBuildConfiguration;
			buildSettings = {
				ASSETCATALOG_COMPILER_APPICON_NAME = AppIcon;
				ASSETCATALOG_COMPILER_GLOBAL_ACCENT_COLOR_NAME = AccentColor;
				CODE_SIGN_STYLE = Automatic;
				CURRENT_PROJECT_VERSION = 1;
				GENERATE_INFOPLIST_FILE = YES;
				INFOPLIST_FILE = NetworkSearch/Info.plist;
				INFOPLIST_KEY_UIApplicationSupportsIndirectInputEvents = YES;
				INFOPLIST_KEY_UILaunchStoryboardName = LaunchScreen;
				INFOPLIST_KEY_UIMainStoryboardFile = Main;
				INFOPLIST_KEY_UISupportedInterfaceOrientations_iPad = "UIInterfaceOrientationPortrait UIInterfaceOrientationPortraitUpsideDown UIInterfaceOrientationLandscapeLeft UIInterfaceOrientationLandscapeRight";
				INFOPLIST_KEY_UISupportedInterfaceOrientations_iPhone = "UIInterfaceOrientationPortrait UIInterfaceOrientationLandscapeLeft UIInterfaceOrientationLandscapeRight";
				LD_RUNPATH_SEARCH_PATHS = (
					"$(inherited)",
					"@executable_path/Frameworks",
				);
				MARKETING_VERSION = 1.0;
				PRODUCT_BUNDLE_IDENTIFIER = com.ilyaMishin.NetworkSearch;
				PRODUCT_NAME = "$(TARGET_NAME)";
				SUPPORTED_PLATFORMS = "iphoneos iphonesimulator";
				SUPPORTS_MACCATALYST = NO;
				SUPPORTS_MAC_DESIGNED_FOR_IPHONE_IPAD = NO;
				SWIFT_EMIT_LOC_STRINGS = YES;
				SWIFT_VERSION = 5.0;
				TARGETED_DEVICE_FAMILY = 1;
			};
			name = Release;
		};
/* End XCBuildConfiguration section */

/* Begin XCConfigurationList section */
		5CCD1A982A24A99D00E8FC68 /* Build configuration list for PBXProject "NetworkSearch" */ = {
			isa = XCConfigurationList;
			buildConfigurations = (
				5CCD1AAF2A24A99F00E8FC68 /* Debug */,
				5CCD1AB02A24A99F00E8FC68 /* Release */,
			);
			defaultConfigurationIsVisible = 0;
			defaultConfigurationName = Release;
		};
		5CCD1AB12A24A99F00E8FC68 /* Build configuration list for PBXNativeTarget "NetworkSearch" */ = {
			isa = XCConfigurationList;
			buildConfigurations = (
				5CCD1AB22A24A99F00E8FC68 /* Debug */,
				5CCD1AB32A24A99F00E8FC68 /* Release */,
			);
			defaultConfigurationIsVisible = 0;
			defaultConfigurationName = Release;
		};
/* End XCConfigurationList section */

/* Begin XCRemoteSwiftPackageReference section */
		5CCD1AB42A24B23500E8FC68 /* XCRemoteSwiftPackageReference "Alamofire" */ = {
			isa = XCRemoteSwiftPackageReference;
			repositoryURL = "https://github.com/Alamofire/Alamofire";
			requirement = {
				branch = master;
				kind = branch;
			};
		};
		5CCD1AB72A24B25200E8FC68 /* XCRemoteSwiftPackageReference "SDWebImage" */ = {
			isa = XCRemoteSwiftPackageReference;
			repositoryURL = "https://github.com/SDWebImage/SDWebImage.git";
			requirement = {
				branch = master;
				kind = branch;
			};
		};
/* End XCRemoteSwiftPackageReference section */

/* Begin XCSwiftPackageProductDependency section */
		5CCD1AB52A24B23500E8FC68 /* Alamofire */ = {
			isa = XCSwiftPackageProductDependency;
			package = 5CCD1AB42A24B23500E8FC68 /* XCRemoteSwiftPackageReference "Alamofire" */;
			productName = Alamofire;
		};
		5CCD1AB82A24B25200E8FC68 /* SDWebImage */ = {
			isa = XCSwiftPackageProductDependency;
			package = 5CCD1AB72A24B25200E8FC68 /* XCRemoteSwiftPackageReference "SDWebImage" */;
			productName = SDWebImage;
		};
/* End XCSwiftPackageProductDependency section */
	};
	rootObject = 5CCD1A952A24A99D00E8FC68 /* Project object */;
}
